
Microsoft Visual Studio Solution File, Format Version 12.00
# Visual Studio Version 16
VisualStudioVersion = 16.0.31313.79
MinimumVisualStudioVersion = 10.0.40219.1
Project("{FAE04EC0-301F-11D3-BF4B-00C04F79EFBC}") = "T2004E_Test", "T2004E_Test\T2004E_Test.csproj", "{8A8D795D-9B66-4087-8990-6F3D3863DC53}"
EndProject
Global
	GlobalSection(SolutionConfigurationPlatforms) = preSolution
		Debug|Any CPU = Debug|Any CPU
		Release|Any CPU = Release|Any CPU
	EndGlobalSection
	GlobalSection(ProjectConfigurationPlatforms) = postSolution
		{8A8D795D-9B66-4087-8990-6F3D3863DC53}.Debug|Any CPU.ActiveCfg = Debug|Any CPU
		{8A8D795D-9B66-4087-8990-6F3D3863DC53}.Debug|Any CPU.Build.0 = Debug|Any CPU
		{8A8D795D-9B66-4087-8990-6F3D3863DC53}.Release|Any CPU.ActiveCfg = Release|Any CPU
		{8A8D795D-9B66-4087-8990-6F3D3863DC53}.Release|Any CPU.Build.0 = Release|Any CPU
	EndGlobalSection
	GlobalSection(SolutionProperties) = preSolution
		HideSolutionNode = FALSE
	EndGlobalSection
	GlobalSection(ExtensibilityGlobals) = postSolution
		SolutionGuid = {8500A45B-62A0-4948-8EA8-7C8A02F2AEEC}
	EndGlobalSection
EndGlobal
